
Microsoft Visual Studio Solution File, Format Version 12.00
# Visual Studio Version 16
VisualStudioVersion = 16.0.30011.22
MinimumVisualStudioVersion = 10.0.40219.1
Project("{FAE04EC0-301F-11D3-BF4B-00C04F79EFBC}") = "M11_01_05_Exceptions_ComTratamentoDeVariosExcepcoes", "M11_01_05_Exceptions_ComTratamentoDeVariosExcepcoes.csproj", "{CF3AE85D-B3FE-4EC9-B78C-3172830EF18A}"
EndProject
Global
	GlobalSection(SolutionConfigurationPlatforms) = preSolution
		Debug|Any CPU = Debug|Any CPU
		Release|Any CPU = Release|Any CPU
	EndGlobalSection
	GlobalSection(ProjectConfigurationPlatforms) = postSolution
		{CF3AE85D-B3FE-4EC9-B78C-3172830EF18A}.Debug|Any CPU.ActiveCfg = Debug|Any CPU
		{CF3AE85D-B3FE-4EC9-B78C-3172830EF18A}.Debug|Any CPU.Build.0 = Debug|Any CPU
		{CF3AE85D-B3FE-4EC9-B78C-3172830EF18A}.Release|Any CPU.ActiveCfg = Release|Any CPU
		{CF3AE85D-B3FE-4EC9-B78C-3172830EF18A}.Release|Any CPU.Build.0 = Release|Any CPU
	EndGlobalSection
	GlobalSection(SolutionProperties) = preSolution
		HideSolutionNode = FALSE
	EndGlobalSection
	GlobalSection(ExtensibilityGlobals) = postSolution
		SolutionGuid = {130C129C-A3C0-4155-B498-9806FF61712A}
	EndGlobalSection
EndGlobal
